Microsoft Visual Studio Solution File, Format Version 12.00
# Visual Studio Version 17
VisualStudioVersion = 17.3.32825.248
MinimumVisualStudioVersion = 10.0.40219.1
Project("{6EC3EE1D-3C4E-46DD-8F32-0CC8E7565705}") = "AvaloniaTest", "AvaloniaTest\AvaloniaTest.fsproj", "{1BA45BCD-2115-4B63-9CA2-8645C2101140}"
EndProject
Project("{6EC3EE1D-3C4E-46DD-8F32-0CC8E7565705}") = "AvaloniaTest.Android", "AvaloniaTest.Android\AvaloniaTest.Android.fsproj", "{087E4BBF-18F7-449F-A9AD-EB5F8EE0E0D6}"
EndProject
Project("{6EC3EE1D-3C4E-46DD-8F32-0CC8E7565705}") = "AvaloniaTest.Desktop", "AvaloniaTest.Desktop\AvaloniaTest.Desktop.fsproj", "{5727F82E-585D-4784-8645-402C1647609F}"
EndProject
Project("{6EC3EE1D-3C4E-46DD-8F32-0CC8E7565705}") = "AvaloniaTest.iOS", "AvaloniaTest.iOS\AvaloniaTest.iOS.fsproj", "{5EBAC5E0-39E9-45C7-852F-DE5FAE492A93}"
EndProject
Project("{6EC3EE1D-3C4E-46DD-8F32-0CC8E7565705}") = "AvaloniaTest.Web", "AvaloniaTest.Web\AvaloniaTest.Web.fsproj", "{A01CFE14-3798-4333-A1D9-8E9451CE92D2}"
EndProject
Global
	GlobalSection(SolutionConfigurationPlatforms) = preSolution
		Debug|Any CPU = Debug|Any CPU
		Release|Any CPU = Release|Any CPU
	EndGlobalSection
	GlobalSection(ProjectConfigurationPlatforms) = postSolution
		{1BA45BCD-2115-4B63-9CA2-8645C2101140}.Debug|Any CPU.ActiveCfg = Debug|Any CPU
		{1BA45BCD-2115-4B63-9CA2-8645C2101140}.Debug|Any CPU.Build.0 = Debug|Any CPU
		{1BA45BCD-2115-4B63-9CA2-8645C2101140}.Release|Any CPU.ActiveCfg = Release|Any CPU
		{1BA45BCD-2115-4B63-9CA2-8645C2101140}.Release|Any CPU.Build.0 = Release|Any CPU
		{087E4BBF-18F7-449F-A9AD-EB5F8EE0E0D6}.Debug|Any CPU.ActiveCfg = Debug|Any CPU
		{087E4BBF-18F7-449F-A9AD-EB5F8EE0E0D6}.Debug|Any CPU.Build.0 = Debug|Any CPU
		{087E4BBF-18F7-449F-A9AD-EB5F8EE0E0D6}.Debug|Any CPU.Deploy.0 = Debug|Any CPU
		{087E4BBF-18F7-449F-A9AD-EB5F8EE0E0D6}.Release|Any CPU.ActiveCfg = Release|Any CPU
		{087E4BBF-18F7-449F-A9AD-EB5F8EE0E0D6}.Release|Any CPU.Build.0 = Release|Any CPU
		{087E4BBF-18F7-449F-A9AD-EB5F8EE0E0D6}.Release|Any CPU.Deploy.0 = Release|Any CPU
		{5727F82E-585D-4784-8645-402C1647609F}.Debug|Any CPU.ActiveCfg = Debug|Any CPU
		{5727F82E-585D-4784-8645-402C1647609F}.Debug|Any CPU.Build.0 = Debug|Any CPU
		{5727F82E-585D-4784-8645-402C1647609F}.Release|Any CPU.ActiveCfg = Release|Any CPU
		{5727F82E-585D-4784-8645-402C1647609F}.Release|Any CPU.Build.0 = Release|Any CPU
		{5EBAC5E0-39E9-45C7-852F-DE5FAE492A93}.Debug|Any CPU.ActiveCfg = Debug|Any CPU
		{5EBAC5E0-39E9-45C7-852F-DE5FAE492A93}.Debug|Any CPU.Build.0 = Debug|Any CPU
		{5EBAC5E0-39E9-45C7-852F-DE5FAE492A93}.Debug|Any CPU.Deploy.0 = Debug|Any CPU
		{5EBAC5E0-39E9-45C7-852F-DE5FAE492A93}.Release|Any CPU.ActiveCfg = Release|Any CPU
		{5EBAC5E0-39E9-45C7-852F-DE5FAE492A93}.Release|Any CPU.Build.0 = Release|Any CPU
		{5EBAC5E0-39E9-45C7-852F-DE5FAE492A93}.Release|Any CPU.Deploy.0 = Release|Any CPU
		{A01CFE14-3798-4333-A1D9-8E9451CE92D2}.Debug|Any CPU.ActiveCfg = Debug|Any CPU
		{A01CFE14-3798-4333-A1D9-8E9451CE92D2}.Debug|Any CPU.Build.0 = Debug|Any CPU
		{A01CFE14-3798-4333-A1D9-8E9451CE92D2}.Release|Any CPU.ActiveCfg = Release|Any CPU
		{A01CFE14-3798-4333-A1D9-8E9451CE92D2}.Release|Any CPU.Build.0 = Release|Any CPU
	EndGlobalSection
	GlobalSection(SolutionProperties) = preSolution
		HideSolutionNode = FALSE
	EndGlobalSection
	GlobalSection(ExtensibilityGlobals) = postSolution
		SolutionGuid = {FA975F72-10BF-449E-AF8E-03F927A4CBCB}
	EndGlobalSection
EndGlobal
